// !$*UTF8*$!
{
	archiveVersion = 1;
	classes = {
	};
	objectVersion = 50;
	objects = {

/* Begin PBXBuildFile section */
		183393B0256CE6A70021BED4 /* AppDelegate.swift in Sources */ = {isa = PBXBuildFile; fileRef = 183393AF256CE6A70021BED4 /* AppDelegate.swift */; };
		183393B2256CE6A70021BED4 /* SceneDelegate.swift in Sources */ = {isa = PBXBuildFile; fileRef = 183393B1256CE6A70021BED4 /* SceneDelegate.swift */; };
		183393B4256CE6A70021BED4 /* ViewController.swift in Sources */ = {isa = PBXBuildFile; fileRef = 183393B3256CE6A70021BED4 /* ViewController.swift */; };
		183393B7256CE6A70021BED4 /* Main.storyboard in Resources */ = {isa = PBXBuildFile; fileRef = 183393B5256CE6A70021BED4 /* Main.storyboard */; };
		183393B9256CE6A90021BED4 /* Assets.xcassets in Resources */ = {isa = PBXBuildFile; fileRef = 183393B8256CE6A90021BED4 /* Assets.xcassets */; };
		183393BC256CE6A90021BED4 /* LaunchScreen.storyboard in Resources */ = {isa = PBXBuildFile; fileRef = 183393BA256CE6A90021BED4 /* LaunchScreen.storyboard */; };
		183393C7256CE6AA0021BED4 /* CountAppTests.swift in Sources */ = {isa = PBXBuildFile; fileRef = 183393C6256CE6AA0021BED4 /* CountAppTests.swift */; };
		183393D2256CE6AA0021BED4 /* CountAppUITests.swift in Sources */ = {isa = PBXBuildFile; fileRef = 183393D1256CE6AA0021BED4 /* CountAppUITests.swift */; };
/* End PBXBuildFile section */

/* Begin PBXContainerItemProxy section */
		183393C3256CE6AA0021BED4 /* PBXContainerItemProxy */ = {
			isa = PBXContainerItemProxy;
			containerPortal = 183393A4256CE6A70021BED4 /* Project object */;
			proxyType = 1;
			remoteGlobalIDString = 183393AB256CE6A70021BED4;
			remoteInfo = CountApp;
		};
		183393CE256CE6AA0021BED4 /* PBXContainerItemProxy */ = {
			isa = PBXContainerItemProxy;
			containerPortal = 183393A4256CE6A70021BED4 /* Project object */;
			proxyType = 1;
			remoteGlobalIDString = 183393AB256CE6A70021BED4;
			remoteInfo = CountApp;
		};
/* End PBXContainerItemProxy section */

/* Begin PBXCopyFilesBuildPhase section */
		18FEEA0F2574D1DF00F0217B /* Copy Files */ = {
			isa = PBXCopyFilesBuildPhase;
			buildActionMask = 2147483647;
			dstPath = "";
			dstSubfolderSpec = 7;
			files = (
			);
			name = "Copy Files";
			runOnlyForDeploymentPostprocessing = 0;
		};
/* End PBXCopyFilesBuildPhase section */

/* Begin PBXFileReference section */
		183393AC256CE6A70021BED4 /* CountApp.app */ = {isa = PBXFileReference; explicitFileType = wrapper.application; includeInIndex = 0; path = CountApp.app; sourceTree = BUILT_PRODUCTS_DIR; };
		183393AF256CE6A70021BED4 /* AppDelegate.swift */ = {isa = PBXFileReference; lastKnownFileType = sourcecode.swift; path = AppDelegate.swift; sourceTree = "<group>"; };
		183393B1256CE6A70021BED4 /* SceneDelegate.swift */ = {isa = PBXFileReference; lastKnownFileType = sourcecode.swift; path = SceneDelegate.swift; sourceTree = "<group>"; };
		183393B3256CE6A70021BED4 /* ViewController.swift */ = {isa = PBXFileReference; lastKnownFileType = sourcecode.swift; path = ViewController.swift; sourceTree = "<group>"; };
		183393B6256CE6A70021BED4 /* Base */ = {isa = PBXFileReference; lastKnownFileType = file.storyboard; name = Base; path = Base.lproj/Main.storyboard; sourceTree = "<group>"; };
		183393B8256CE6A90021BED4 /* Assets.xcassets */ = {isa = PBXFileReference; lastKnownFileType = folder.assetcatalog; path = Assets.xcassets; sourceTree = "<group>"; };
		183393BB256CE6A90021BED4 /* Base */ = {isa = PBXFileReference; lastKnownFileType = file.storyboard; name = Base; path = Base.lproj/LaunchScreen.storyboard; sourceTree = "<group>"; };
		183393BD256CE6A90021BED4 /* Info.plist */ = {isa = PBXFileReference; lastKnownFileType = text.plist.xml; path = Info.plist; sourceTree = "<group>"; };
		183393C2256CE6AA0021BED4 /* CountAppTests.xctest */ = {isa = PBXFileReference; explicitFileType = wrapper.cfbundle; includeInIndex = 0; path = CountAppTests.xctest; sourceTree = BUILT_PRODUCTS_DIR; };
		183393C6256CE6AA0021BED4 /* CountAppTests.swift */ = {isa = PBXFileReference; lastKnownFileType = sourcecode.swift; path = CountAppTests.swift; sourceTree = "<group>"; };
		183393C8256CE6AA0021BED4 /* Info.plist */ = {isa = PBXFileReference; lastKnownFileType = text.plist.xml; path = Info.plist; sourceTree = "<group>"; };
		183393CD256CE6AA0021BED4 /* CountAppUITests.xctest */ = {isa = PBXFileReference; explicitFileType = wrapper.cfbundle; includeInIndex = 0; path = CountAppUITests.xctest; sourceTree = BUILT_PRODUCTS_DIR; };
		183393D1256CE6AA0021BED4 /* CountAppUITests.swift */ = {isa = PBXFileReference; lastKnownFileType = sourcecode.swift; path = CountAppUITests.swift; sourceTree = "<group>"; };
		183393D3256CE6AA0021BED4 /* Info.plist */ = {isa = PBXFileReference; lastKnownFileType = text.plist.xml; path = Info.plist; sourceTree = "<group>"; };
/* End PBXFileReference section */

/* Begin PBXFrameworksBuildPhase section */
		183393A9256CE6A70021BED4 /* Frameworks */ = {
			isa = PBXFrameworksBuildPhase;
			buildActionMask = 2147483647;
			files = (
			);
			runOnlyForDeploymentPostprocessing = 0;
		};
		183393BF256CE6AA0021BED4 /* Frameworks */ = {
			isa = PBXFrameworksBuildPhase;
			buildActionMask = 2147483647;
			files = (
			);
			runOnlyForDeploymentPostprocessing = 0;
		};
		183393CA256CE6AA0021BED4 /* Frameworks */ = {
			isa = PBXFrameworksBuildPhase;
			buildActionMask = 2147483647;
			files = (
			);
			runOnlyForDeploymentPostprocessing = 0;
		};
/* End PBXFrameworksBuildPhase section */

/* Begin PBXGroup section */
		183393A3256CE6A70021BED4 = {
			isa = PBXGroup;
			children = (
				183393AE256CE6A70021BED4 /* CountApp */,
				183393C5256CE6AA0021BED4 /* CountAppTests */,
				183393D0256CE6AA0021BED4 /* CountAppUITests */,
				183393AD256CE6A70021BED4 /* Products */,
			);
			sourceTree = "<group>";
		};
		183393AD256CE6A70021BED4 /* Products */ = {
			isa = PBXGroup;
			children = (
				183393AC256CE6A70021BED4 /* CountApp.app */,
				183393C2256CE6AA0021BED4 /* CountAppTests.xctest */,
				183393CD256CE6AA0021BED4 /* CountAppUITests.xctest */,
			);
			name = Products;
			sourceTree = "<group>";
		};
		183393AE256CE6A70021BED4 /* CountApp */ = {
			isa = PBXGroup;
			children = (
				183393AF256CE6A70021BED4 /* AppDelegate.swift */,
				183393B1256CE6A70021BED4 /* SceneDelegate.swift */,
				183393B3256CE6A70021BED4 /* ViewController.swift */,
				183393B5256CE6A70021BED4 /* Main.storyboard */,
				183393B8256CE6A90021BED4 /* Assets.xcassets */,
				183393BA256CE6A90021BED4 /* LaunchScreen.storyboard */,
				183393BD256CE6A90021BED4 /* Info.plist */,
			);
			path = CountApp;
			sourceTree = "<group>";
		};
		183393C5256CE6AA0021BED4 /* CountAppTests */ = {
			isa = PBXGroup;
			children = (
				183393C6256CE6AA0021BED4 /* CountAppTests.swift */,
				183393C8256CE6AA0021BED4 /* Info.plist */,
			);
			path = CountAppTests;
			sourceTree = "<group>";
		};
		183393D0256CE6AA0021BED4 /* CountAppUITests */ = {
			isa = PBXGroup;
			children = (
				183393D1256CE6AA0021BED4 /* CountAppUITests.swift */,
				183393D3256CE6AA0021BED4 /* Info.plist */,
			);
			path = CountAppUITests;
			sourceTree = "<group>";
		};
/* End PBXGroup section */

/* Begin PBXNativeTarget section */
		183393AB256CE6A70021BED4 /* CountApp */ = {
			isa = PBXNativeTarget;
			buildConfigurationList = 183393D6256CE6AA0021BED4 /* Build configuration list for PBXNativeTarget "CountApp" */;
			buildPhases = (
				183393A8256CE6A70021BED4 /* Sources */,
				183393A9256CE6A70021BED4 /* Frameworks */,
				183393AA256CE6A70021BED4 /* Resources */,
				18FEEA0F2574D1DF00F0217B /* Copy Files */,
				18FEEA102574D1EC00F0217B /* Swinflint Script */,
			);
			buildRules = (
			);
			dependencies = (
			);
			name = CountApp;
			productName = CountApp;
			productReference = 183393AC256CE6A70021BED4 /* CountApp.app */;
			productType = "com.apple.product-type.application";
		};
		183393C1256CE6AA0021BED4 /* CountAppTests */ = {
			isa = PBXNativeTarget;
			buildConfigurationList = 183393D9256CE6AA0021BED4 /* Build configuration list for PBXNativeTarget "CountAppTests" */;
			buildPhases = (
				183393BE256CE6AA0021BED4 /* Sources */,
				183393BF256CE6AA0021BED4 /* Frameworks */,
				183393C0256CE6AA0021BED4 /* Resources */,
			);
			buildRules = (
			);
			dependencies = (
				183393C4256CE6AA0021BED4 /* PBXTargetDependency */,
			);
			name = CountAppTests;
			productName = CountAppTests;
			productReference = 183393C2256CE6AA0021BED4 /* CountAppTests.xctest */;
			productType = "com.apple.product-type.bundle.unit-test";
		};
		183393CC256CE6AA0021BED4 /* CountAppUITests */ = {
			isa = PBXNativeTarget;
			buildConfigurationList = 183393DC256CE6AA0021BED4 /* Build configuration list for PBXNativeTarget "CountAppUITests" */;
			buildPhases = (
				183393C9256CE6AA0021BED4 /* Sources */,
				183393CA256CE6AA0021BED4 /* Frameworks */,
				183393CB256CE6AA0021BED4 /* Resources */,
			);
			buildRules = (
			);
			dependencies = (
				183393CF256CE6AA0021BED4 /* PBXTargetDependency */,
			);
			name = CountAppUITests;
			productName = CountAppUITests;
			productReference = 183393CD256CE6AA0021BED4 /* CountAppUITests.xctest */;
			productType = "com.apple.product-type.bundle.ui-testing";
		};
/* End PBXNativeTarget section */

/* Begin PBXProject section */
		183393A4256CE6A70021BED4 /* Project object */ = {
			isa = PBXProject;
			attributes = {
				LastSwiftUpdateCheck = 1220;
				LastUpgradeCheck = 1220;
				TargetAttributes = {
					183393AB256CE6A70021BED4 = {
						CreatedOnToolsVersion = 12.2;
					};
					183393C1256CE6AA0021BED4 = {
						CreatedOnToolsVersion = 12.2;
						TestTargetID = 183393AB256CE6A70021BED4;
					};
					183393CC256CE6AA0021BED4 = {
						CreatedOnToolsVersion = 12.2;
						TestTargetID = 183393AB256CE6A70021BED4;
					};
				};
			};
			buildConfigurationList = 183393A7256CE6A70021BED4 /* Build configuration list for PBXProject "CountApp" */;
			compatibilityVersion = "Xcode 9.3";
			developmentRegion = en;
			hasScannedForEncodings = 0;
			knownRegions = (
				en,
				Base,
			);
			mainGroup = 183393A3256CE6A70021BED4;
			productRefGroup = 183393AD256CE6A70021BED4 /* Products */;
			projectDirPath = "";
			projectRoot = "";
			targets = (
				183393AB256CE6A70021BED4 /* CountApp */,
				183393C1256CE6AA0021BED4 /* CountAppTests */,
				183393CC256CE6AA0021BED4 /* CountAppUITests */,
			);
		};
/* End PBXProject section */

/* Begin PBXResourcesBuildPhase section */
		183393AA256CE6A70021BED4 /* Resources */ = {
			isa = PBXResourcesBuildPhase;
			buildActionMask = 2147483647;
			files = (
				183393BC256CE6A90021BED4 /* LaunchScreen.storyboard in Resources */,
				183393B9256CE6A90021BED4 /* Assets.xcassets in Resources */,
				183393B7256CE6A70021BED4 /* Main.storyboard in Resources */,
			);
			runOnlyForDeploymentPostprocessing = 0;
		};
		183393C0256CE6AA0021BED4 /* Resources */ = {
			isa = PBXResourcesBuildPhase;
			buildActionMask = 2147483647;
			files = (
			);
			runOnlyForDeploymentPostprocessing = 0;
		};
		183393CB256CE6AA0021BED4 /* Resources */ = {
			isa = PBXResourcesBuildPhase;
			buildActionMask = 2147483647;
			files = (
			);
			runOnlyForDeploymentPostprocessing = 0;
		};
/* End PBXResourcesBuildPhase section */

/* Begin PBXShellScriptBuildPhase section */
		18FEEA102574D1EC00F0217B /* Swinflint Script */ = {
			isa = PBXShellScriptBuildPhase;
			buildActionMask = 2147483647;
			files = (
			);
			inputFileListPaths = (
			);
			inputPaths = (
			);
			name = "Swinflint Script";
			outputFileListPaths = (
			);
			outputPaths = (
			);
			runOnlyForDeploymentPostprocessing = 0;
			shellPath = /bin/sh;
			shellScript = "# Type a script or drag a script file from your workspace to insert its path.\nif which swiftlint >/dev/null; then\n  swiftlint autocorrect --format\n  swiftlint\nelse\n  echo \"warning: SwiftLint not installed, download from https://github.com/realm/SwiftLint\"\nfi\n";
		};
/* End PBXShellScriptBuildPhase section */

/* Begin PBXSourcesBuildPhase section */
		183393A8256CE6A70021BED4 /* Sources */ = {
			isa = PBXSourcesBuildPhase;
			buildActionMask = 2147483647;
			files = (
				183393B4256CE6A70021BED4 /* ViewController.swift in Sources */,
				183393B0256CE6A70021BED4 /* AppDelegate.swift in Sources */,
				183393B2256CE6A70021BED4 /* SceneDelegate.swift in Sources */,
			);
			runOnlyForDeploymentPostprocessing = 0;
		};
		183393BE256CE6AA0021BED4 /* Sources */ = {
			isa = PBXSourcesBuildPhase;
			buildActionMask = 2147483647;
			files = (
				183393C7256CE6AA0021BED4 /* CountAppTests.swift in Sources */,
			);
			runOnlyForDeploymentPostprocessing = 0;
		};
		183393C9256CE6AA0021BED4 /* Sources */ = {
			isa = PBXSourcesBuildPhase;
			buildActionMask = 2147483647;
			files = (
				183393D2256CE6AA0021BED4 /* CountAppUITests.swift in Sources */,
			);
			runOnlyForDeploymentPostprocessing = 0;
		};
/* End PBXSourcesBuildPhase section */

/* Begin PBXTargetDependency section */
		183393C4256CE6AA0021BED4 /* PBXTargetDependency */ = {
			isa = PBXTargetDependency;
			target = 183393AB256CE6A70021BED4 /* CountApp */;
			targetProxy = 183393C3256CE6AA0021BED4 /* PBXContainerItemProxy */;
		};
		183393CF256CE6AA0021BED4 /* PBXTargetDependency */ = {
			isa = PBXTargetDependency;
			target = 183393AB256CE6A70021BED4 /* CountApp */;
			targetProxy = 183393CE256CE6AA0021BED4 /* PBXContainerItemProxy */;
		};
/* End PBXTargetDependency section */

/* Begin PBXVariantGroup section */
		183393B5256CE6A70021BED4 /* Main.storyboard */ = {
			isa = PBXVariantGroup;
			children = (
				183393B6256CE6A70021BED4 /* Base */,
			);
			name = Main.storyboard;
			sourceTree = "<group>";
		};
		183393BA256CE6A90021BED4 /* LaunchScreen.storyboard */ = {
			isa = PBXVariantGroup;
			children = (
				183393BB256CE6A90021BED4 /* Base */,
			);
			name = LaunchScreen.storyboard;
			sourceTree = "<group>";
		};
/* End PBXVariantGroup section */

/* Begin XCBuildConfiguration section */
		183393D4256CE6AA0021BED4 /* Debug */ = {
			isa = XCBuildConfiguration;
			buildSettings = {
				ALWAYS_SEARCH_USER_PATHS = NO;
				CLANG_ANALYZER_NONNULL = YES;
				CLANG_ANALYZER_NUMBER_OBJECT_CONVERSION = YES_AGGRESSIVE;
				CLANG_CXX_LANGUAGE_STANDARD = "gnu++14";
				CLANG_CXX_LIBRARY = "libc++";
				CLANG_ENABLE_MODULES = YES;
				CLANG_ENABLE_OBJC_ARC = YES;
				CLANG_ENABLE_OBJC_WEAK = YES;
				CLANG_WARN_BLOCK_CAPTURE_AUTORELEASING = YES;
				CLANG_WARN_BOOL_CONVERSION = YES;
				CLANG_WARN_COMMA = YES;
				CLANG_WARN_CONSTANT_CONVERSION = YES;
				CLANG_WARN_DEPRECATED_OBJC_IMPLEMENTATIONS = YES;
				CLANG_WARN_DIRECT_OBJC_ISA_USAGE = YES_ERROR;
				CLANG_WARN_DOCUMENTATION_COMMENTS = YES;
				CLANG_WARN_EMPTY_BODY = YES;
				CLANG_WARN_ENUM_CONVERSION = YES;
				CLANG_WARN_INFINITE_RECURSION = YES;
				CLANG_WARN_INT_CONVERSION = YES;
				CLANG_WARN_NON_LITERAL_NULL_CONVERSION = YES;
				CLANG_WARN_OBJC_IMPLICIT_RETAIN_SELF = YES;
				CLANG_WARN_OBJC_LITERAL_CONVERSION = YES;
				CLANG_WARN_OBJC_ROOT_CLASS = YES_ERROR;
				CLANG_WARN_QUOTED_INCLUDE_IN_FRAMEWORK_HEADER = YES;
				CLANG_WARN_RANGE_LOOP_ANALYSIS = YES;
				CLANG_WARN_STRICT_PROTOTYPES = YES;
				CLANG_WARN_SUSPICIOUS_MOVE = YES;
				CLANG_WARN_UNGUARDED_AVAILABILITY = YES_AGGRESSIVE;
				CLANG_WARN_UNREACHABLE_CODE = YES;
				CLANG_WARN__DUPLICATE_METHOD_MATCH = YES;
				COPY_PHASE_STRIP = NO;
				DEBUG_INFORMATION_FORMAT = dwarf;
				ENABLE_STRICT_OBJC_MSGSEND = YES;
				ENABLE_TESTABILITY = YES;
				GCC_C_LANGUAGE_STANDARD = gnu11;
				GCC_DYNAMIC_NO_PIC = NO;
				GCC_NO_COMMON_BLOCKS = YES;
				GCC_OPTIMIZATION_LEVEL = 0;
				GCC_PREPROCESSOR_DEFINITIONS = (
					"DEBUG=1",
					"$(inherited)",
				);
				GCC_WARN_64_TO_32_BIT_CONVERSION = YES;
				GCC_WARN_ABOUT_RETURN_TYPE = YES_ERROR;
				GCC_WARN_UNDECLARED_SELECTOR = YES;
				GCC_WARN_UNINITIALIZED_AUTOS = YES_AGGRESSIVE;
				GCC_WARN_UNUSED_FUNCTION = YES;
				GCC_WARN_UNUSED_VARIABLE = YES;
				IPHONEOS_DEPLOYMENT_TARGET = 14.2;
				MTL_ENABLE_DEBUG_INFO = INCLUDE_SOURCE;
				MTL_FAST_MATH = YES;
				ONLY_ACTIVE_ARCH = YES;
				SDKROOT = iphoneos;
				SWIFT_ACTIVE_COMPILATION_CONDITIONS = DEBUG;
				SWIFT_OPTIMIZATION_LEVEL = "-Onone";
			};
			name = Debug;
		};
		183393D5256CE6AA0021BED4 /* Release */ = {
			isa = XCBuildConfiguration;
			buildSettings = {
				ALWAYS_SEARCH_USER_PATHS = NO;
				CLANG_ANALYZER_NONNULL = YES;
				CLANG_ANALYZER_NUMBER_OBJECT_CONVERSION = YES_AGGRESSIVE;
				CLANG_CXX_LANGUAGE_STANDARD = "gnu++14";
				CLANG_CXX_LIBRARY = "libc++";
				CLANG_ENABLE_MODULES = YES;
				CLANG_ENABLE_OBJC_ARC = YES;
				CLANG_ENABLE_OBJC_WEAK = YES;
				CLANG_WARN_BLOCK_CAPTURE_AUTORELEASING = YES;
				CLANG_WARN_BOOL_CONVERSION = YES;
				CLANG_WARN_COMMA = YES;
				CLANG_WARN_CONSTANT_CONVERSION = YES;
				CLANG_WARN_DEPRECATED_OBJC_IMPLEMENTATIONS = YES;
				CLANG_WARN_DIRECT_OBJC_ISA_USAGE = YES_ERROR;
				CLANG_WARN_DOCUMENTATION_COMMENTS = YES;
				CLANG_WARN_EMPTY_BODY = YES;
				CLANG_WARN_ENUM_CONVERSION = YES;
				CLANG_WARN_INFINITE_RECURSION = YES;
				CLANG_WARN_INT_CONVERSION = YES;
				CLANG_WARN_NON_LITERAL_NULL_CONVERSION = YES;
				CLANG_WARN_OBJC_IMPLICIT_RETAIN_SELF = YES;
				CLANG_WARN_OBJC_LITERAL_CONVERSION = YES;
				CLANG_WARN_OBJC_ROOT_CLASS = YES_ERROR;
				CLANG_WARN_QUOTED_INCLUDE_IN_FRAMEWORK_HEADER = YES;
				CLANG_WARN_RANGE_LOOP_ANALYSIS = YES;
				CLANG_WARN_STRICT_PROTOTYPES = YES;
				CLANG_WARN_SUSPICIOUS_MOVE = YES;
				CLANG_WARN_UNGUARDED_AVAILABILITY = YES_AGGRESSIVE;
				CLANG_WARN_UNREACHABLE_CODE = YES;
				CLANG_WARN__DUPLICATE_METHOD_MATCH = YES;
				COPY_PHASE_STRIP = NO;
				DEBUG_INFORMATION_FORMAT = "dwarf-with-dsym";
				ENABLE_NS_ASSERTIONS = NO;
				ENABLE_STRICT_OBJC_MSGSEND = YES;
				GCC_C_LANGUAGE_STANDARD = gnu11;
				GCC_NO_COMMON_BLOCKS = YES;
				GCC_WARN_64_TO_32_BIT_CONVERSION = YES;
				GCC_WARN_ABOUT_RETURN_TYPE = YES_ERROR;
				GCC_WARN_UNDECLARED_SELECTOR = YES;
				GCC_WARN_UNINITIALIZED_AUTOS = YES_AGGRESSIVE;
				GCC_WARN_UNUSED_FUNCTION = YES;
				GCC_WARN_UNUSED_VARIABLE = YES;
				IPHONEOS_DEPLOYMENT_TARGET = 14.2;
				MTL_ENABLE_DEBUG_INFO = NO;
				MTL_FAST_MATH = YES;
				SDKROOT = iphoneos;
				SWIFT_COMPILATION_MODE = wholemodule;
				SWIFT_OPTIMIZATION_LEVEL = "-O";
				VALIDATE_PRODUCT = YES;
			};
			name = Release;
		};
		183393D7256CE6AA0021BED4 /* Debug */ = {
			isa = XCBuildConfiguration;
			buildSettings = {
				ASSETCATALOG_COMPILER_APPICON_NAME = AppIcon;
				ASSETCATALOG_COMPILER_GLOBAL_ACCENT_COLOR_NAME = AccentColor;
				CODE_SIGN_STYLE = Automatic;
				DEVELOPMENT_TEAM = WV6D96BG4D;
				INFOPLIST_FILE = CountApp/Info.plist;
				LD_RUNPATH_SEARCH_PATHS = (
					"$(inherited)",
					"@executable_path/Frameworks",
				);
				PRODUCT_BUNDLE_IDENTIFIER = satoumakoto.CountApp;
				PRODUCT_NAME = "$(TARGET_NAME)";
				SWIFT_VERSION = 5.0;
				TARGETED_DEVICE_FAMILY = "1,2";
			};
			name = Debug;
		};
		183393D8256CE6AA0021BED4 /* Release */ = {
			isa = XCBuildConfiguration;
			buildSettings = {
				ASSETCATALOG_COMPILER_APPICON_NAME = AppIcon;
				ASSETCATALOG_COMPILER_GLOBAL_ACCENT_COLOR_NAME = AccentColor;
				CODE_SIGN_STYLE = Automatic;
				DEVELOPMENT_TEAM = WV6D96BG4D;
				INFOPLIST_FILE = CountApp/Info.plist;
				LD_RUNPATH_SEARCH_PATHS = (
					"$(inherited)",
					"@executable_path/Frameworks",
				);
				PRODUCT_BUNDLE_IDENTIFIER = satoumakoto.CountApp;
				PRODUCT_NAME = "$(TARGET_NAME)";
				SWIFT_VERSION = 5.0;
				TARGETED_DEVICE_FAMILY = "1,2";
			};
			name = Release;
		};
		183393DA256CE6AA0021BED4 /* Debug */ = {
			isa = XCBuildConfiguration;
			buildSettings = {
				ALWAYS_EMBED_SWIFT_STANDARD_LIBRARIES = YES;
				BUNDLE_LOADER = "$(TEST_HOST)";
				CODE_SIGN_STYLE = Automatic;
				DEVELOPMENT_TEAM = WV6D96BG4D;
				INFOPLIST_FILE = CountAppTests/Info.plist;
				IPHONEOS_DEPLOYMENT_TARGET = 14.2;
				LD_RUNPATH_SEARCH_PATHS = (
					"$(inherited)",
					"@executable_path/Frameworks",
					"@loader_path/Frameworks",
				);
				PRODUCT_BUNDLE_IDENTIFIER = satoumakoto.CountAppTests;
				PRODUCT_NAME = "$(TARGET_NAME)";
				SWIFT_VERSION = 5.0;
				TARGETED_DEVICE_FAMILY = "1,2";
				TEST_HOST = "$(BUILT_PRODUCTS_DIR)/CountApp.app/CountApp";
			};
			name = Debug;
		};
		183393DB256CE6AA0021BED4 /* Release */ = {
			isa = XCBuildConfiguration;
			buildSettings = {
				ALWAYS_EMBED_SWIFT_STANDARD_LIBRARIES = YES;
				BUNDLE_LOADER = "$(TEST_HOST)";
				CODE_SIGN_STYLE = Automatic;
				DEVELOPMENT_TEAM = WV6D96BG4D;
				INFOPLIST_FILE = CountAppTests/Info.plist;
				IPHONEOS_DEPLOYMENT_TARGET = 14.2;
				LD_RUNPATH_SEARCH_PATHS = (
					"$(inherited)",
					"@executable_path/Frameworks",
					"@loader_path/Frameworks",
				);
				PRODUCT_BUNDLE_IDENTIFIER = satoumakoto.CountAppTests;
				PRODUCT_NAME = "$(TARGET_NAME)";
				SWIFT_VERSION = 5.0;
				TARGETED_DEVICE_FAMILY = "1,2";
				TEST_HOST = "$(BUILT_PRODUCTS_DIR)/CountApp.app/CountApp";
			};
			name = Release;
		};
		183393DD256CE6AA0021BED4 /* Debug */ = {
			isa = XCBuildConfiguration;
			buildSettings = {
				ALWAYS_EMBED_SWIFT_STANDARD_LIBRARIES = YES;
				CODE_SIGN_STYLE = Automatic;
				DEVELOPMENT_TEAM = WV6D96BG4D;
				INFOPLIST_FILE = CountAppUITests/Info.plist;
				LD_RUNPATH_SEARCH_PATHS = (
					"$(inherited)",
					"@executable_path/Frameworks",
					"@loader_path/Frameworks",
				);
				PRODUCT_BUNDLE_IDENTIFIER = satoumakoto.CountAppUITests;
				PRODUCT_NAME = "$(TARGET_NAME)";
				SWIFT_VERSION = 5.0;
				TARGETED_DEVICE_FAMILY = "1,2";
				TEST_TARGET_NAME = CountApp;
			};
			name = Debug;
		};
		183393DE256CE6AA0021BED4 /* Release */ = {
			isa = XCBuildConfiguration;
			buildSettings = {
				ALWAYS_EMBED_SWIFT_STANDARD_LIBRARIES = YES;
				CODE_SIGN_STYLE = Automatic;
				DEVELOPMENT_TEAM = WV6D96BG4D;
				INFOPLIST_FILE = CountAppUITests/Info.plist;
				LD_RUNPATH_SEARCH_PATHS = (
					"$(inherited)",
					"@executable_path/Frameworks",
					"@loader_path/Frameworks",
				);
				PRODUCT_BUNDLE_IDENTIFIER = satoumakoto.CountAppUITests;
				PRODUCT_NAME = "$(TARGET_NAME)";
				SWIFT_VERSION = 5.0;
				TARGETED_DEVICE_FAMILY = "1,2";
				TEST_TARGET_NAME = CountApp;
			};
			name = Release;
		};
/* End XCBuildConfiguration section */

/* Begin XCConfigurationList section */
		183393A7256CE6A70021BED4 /* Build configuration list for PBXProject "CountApp" */ = {
			isa = XCConfigurationList;
			buildConfigurations = (
				183393D4256CE6AA0021BED4 /* Debug */,
				183393D5256CE6AA0021BED4 /* Release */,
			);
			defaultConfigurationIsVisible = 0;
			defaultConfigurationName = Release;
		};
		183393D6256CE6AA0021BED4 /* Build configuration list for PBXNativeTarget "CountApp" */ = {
			isa = XCConfigurationList;
			buildConfigurations = (
				183393D7256CE6AA0021BED4 /* Debug */,
				183393D8256CE6AA0021BED4 /* Release */,
			);
			defaultConfigurationIsVisible = 0;
			defaultConfigurationName = Release;
		};
		183393D9256CE6AA0021BED4 /* Build configuration list for PBXNativeTarget "CountAppTests" */ = {
			isa = XCConfigurationList;
			buildConfigurations = (
				183393DA256CE6AA0021BED4 /* Debug */,
				183393DB256CE6AA0021BED4 /* Release */,
			);
			defaultConfigurationIsVisible = 0;
			defaultConfigurationName = Release;
		};
		183393DC256CE6AA0021BED4 /* Build configuration list for PBXNativeTarget "CountAppUITests" */ = {
			isa = XCConfigurationList;
			buildConfigurations = (
				183393DD256CE6AA0021BED4 /* Debug */,
				183393DE256CE6AA0021BED4 /* Release */,
			);
			defaultConfigurationIsVisible = 0;
			defaultConfigurationName = Release;
		};
/* End XCConfigurationList section */
	};
	rootObject = 183393A4256CE6A70021BED4 /* Project object */;
}
